
Microsoft Visual Studio Solution File, Format Version 12.00
# Visual Studio Version 17
VisualStudioVersion = 17.9.34723.18
MinimumVisualStudioVersion = 10.0.40219.1
Project("{9A19103F-16F7-4668-BE54-9A1E7A4F7556}") = "Sardine.Core", "src\Sardine.Core\Sardine.Core.csproj", "{8F8FB3B8-1CC5-47C2-A192-A784364B9AC6}"
EndProject
Project("{9A19103F-16F7-4668-BE54-9A1E7A4F7556}") = "Sardine.Core.Views.WPF", "src\Sardine.Core.Views.WPF\Sardine.Core.Views.WPF.csproj", "{D7705F4A-FB0C-42DA-8E0D-1DBC61EF1312}"
EndProject
Global
	GlobalSection(SolutionConfigurationPlatforms) = preSolution
		Debug|Any CPU = Debug|Any CPU
		Release|Any CPU = Release|Any CPU
	EndGlobalSection
	GlobalSection(ProjectConfigurationPlatforms) = postSolution
		{8F8FB3B8-1CC5-47C2-A192-A784364B9AC6}.Debug|Any CPU.ActiveCfg = Debug|Any CPU
		{8F8FB3B8-1CC5-47C2-A192-A784364B9AC6}.Debug|Any CPU.Build.0 = Debug|Any CPU
		{8F8FB3B8-1CC5-47C2-A192-A784364B9AC6}.Release|Any CPU.ActiveCfg = Release|Any CPU
		{8F8FB3B8-1CC5-47C2-A192-A784364B9AC6}.Release|Any CPU.Build.0 = Release|Any CPU
		{D7705F4A-FB0C-42DA-8E0D-1DBC61EF1312}.Debug|Any CPU.ActiveCfg = Debug|Any CPU
		{D7705F4A-FB0C-42DA-8E0D-1DBC61EF1312}.Debug|Any CPU.Build.0 = Debug|Any CPU
		{D7705F4A-FB0C-42DA-8E0D-1DBC61EF1312}.Release|Any CPU.ActiveCfg = Release|Any CPU
		{D7705F4A-FB0C-42DA-8E0D-1DBC61EF1312}.Release|Any CPU.Build.0 = Release|Any CPU
	EndGlobalSection
	GlobalSection(SolutionProperties) = preSolution
		HideSolutionNode = FALSE
	EndGlobalSection
	GlobalSection(ExtensibilityGlobals) = postSolution
		SolutionGuid = {19457D8C-D906-44B9-883C-85512D83A328}
	EndGlobalSection
EndGlobal
